// !$*UTF8*$!
{
	archiveVersion = 1;
	classes = {
	};
	objectVersion = 50;
	objects = {

/* Begin PBXBuildFile section */
		FA8B377E2589145700170434 /* AppDelegate.swift in Sources */ = {isa = PBXBuildFile; fileRef = FA8B377D2589145700170434 /* AppDelegate.swift */; };
		FA8B37802589145700170434 /* SceneDelegate.swift in Sources */ = {isa = PBXBuildFile; fileRef = FA8B377F2589145700170434 /* SceneDelegate.swift */; };
		FA8B37822589145700170434 /* ViewController.swift in Sources */ = {isa = PBXBuildFile; fileRef = FA8B37812589145700170434 /* ViewController.swift */; };
		FA8B37852589145700170434 /* Main.storyboard in Resources */ = {isa = PBXBuildFile; fileRef = FA8B37832589145700170434 /* Main.storyboard */; };
		FA8B37872589145A00170434 /* Assets.xcassets in Resources */ = {isa = PBXBuildFile; fileRef = FA8B37862589145A00170434 /* Assets.xcassets */; };
		FA8B378A2589145A00170434 /* LaunchScreen.storyboard in Resources */ = {isa = PBXBuildFile; fileRef = FA8B37882589145A00170434 /* LaunchScreen.storyboard */; };
		FA8B379425898AF800170434 /* CoatRoomViewController.swift in Sources */ = {isa = PBXBuildFile; fileRef = FA8B379325898AF800170434 /* CoatRoomViewController.swift */; };
		FA8B3798258A356B00170434 /* LibraryViewController.swift in Sources */ = {isa = PBXBuildFile; fileRef = FA8B3797258A356B00170434 /* LibraryViewController.swift */; };
		FA8B37BD258A838F00170434 /* DiningRoomViewController.swift in Sources */ = {isa = PBXBuildFile; fileRef = FA8B37BC258A838F00170434 /* DiningRoomViewController.swift */; };
		FA8B37C6258AA1E300170434 /* StairsUpViewController.swift in Sources */ = {isa = PBXBuildFile; fileRef = FA8B37C5258AA1E300170434 /* StairsUpViewController.swift */; };
		FA8B37CA258AAD5D00170434 /* SecretPassageViewController.swift in Sources */ = {isa = PBXBuildFile; fileRef = FA8B37C9258AAD5D00170434 /* SecretPassageViewController.swift */; };
		FA8B37CD258AAE8D00170434 /* KitchenViewController.swift in Sources */ = {isa = PBXBuildFile; fileRef = FA8B37CC258AAE8D00170434 /* KitchenViewController.swift */; };
		FA8B37D1258AAF3D00170434 /* BedRoomViewController.swift in Sources */ = {isa = PBXBuildFile; fileRef = FA8B37D0258AAF3D00170434 /* BedRoomViewController.swift */; };
		FA8B37D5258AAFC800170434 /* BathRoomViewController.swift in Sources */ = {isa = PBXBuildFile; fileRef = FA8B37D4258AAFC800170434 /* BathRoomViewController.swift */; };
		FA8B37D8258AB11B00170434 /* BackPorchViewController.swift in Sources */ = {isa = PBXBuildFile; fileRef = FA8B37D7258AB11B00170434 /* BackPorchViewController.swift */; };
		FA8B37DD258AB31200170434 /* DungeonViewController.swift in Sources */ = {isa = PBXBuildFile; fileRef = FA8B37DC258AB31200170434 /* DungeonViewController.swift */; };
		FA8B37E0258AB3F400170434 /* LabratoryViewController.swift in Sources */ = {isa = PBXBuildFile; fileRef = FA8B37DF258AB3F400170434 /* LabratoryViewController.swift */; };
		FA8B37E8258AB5E300170434 /* GeneratorViewController.swift in Sources */ = {isa = PBXBuildFile; fileRef = FA8B37E7258AB5E300170434 /* GeneratorViewController.swift */; };
		FA8B37EE258AB81800170434 /* CursedChaliceViewController.swift in Sources */ = {isa = PBXBuildFile; fileRef = FA8B37ED258AB81800170434 /* CursedChaliceViewController.swift */; };
		FA8B37F1258AB8F700170434 /* MysteriousLakeViewController.swift in Sources */ = {isa = PBXBuildFile; fileRef = FA8B37F0258AB8F700170434 /* MysteriousLakeViewController.swift */; };
/* End PBXBuildFile section */

/* Begin PBXFileReference section */
		FA8B377A2589145700170434 /* Assignment3.app */ = {isa = PBXFileReference; explicitFileType = wrapper.application; includeInIndex = 0; path = Assignment3.app; sourceTree = BUILT_PRODUCTS_DIR; };
		FA8B377D2589145700170434 /* AppDelegate.swift */ = {isa = PBXFileReference; lastKnownFileType = sourcecode.swift; path = AppDelegate.swift; sourceTree = "<group>"; };
		FA8B377F2589145700170434 /* SceneDelegate.swift */ = {isa = PBXFileReference; lastKnownFileType = sourcecode.swift; path = SceneDelegate.swift; sourceTree = "<group>"; };
		FA8B37812589145700170434 /* ViewController.swift */ = {isa = PBXFileReference; lastKnownFileType = sourcecode.swift; path = ViewController.swift; sourceTree = "<group>"; };
		FA8B37842589145700170434 /* Base */ = {isa = PBXFileReference; lastKnownFileType = file.storyboard; name = Base; path = Base.lproj/Main.storyboard; sourceTree = "<group>"; };
		FA8B37862589145A00170434 /* Assets.xcassets */ = {isa = PBXFileReference; lastKnownFileType = folder.assetcatalog; path = Assets.xcassets; sourceTree = "<group>"; };
		FA8B37892589145A00170434 /* Base */ = {isa = PBXFileReference; lastKnownFileType = file.storyboard; name = Base; path = Base.lproj/LaunchScreen.storyboard; sourceTree = "<group>"; };
		FA8B378B2589145A00170434 /* Info.plist */ = {isa = PBXFileReference; lastKnownFileType = text.plist.xml; path = Info.plist; sourceTree = "<group>"; };
		FA8B379325898AF800170434 /* CoatRoomViewController.swift */ = {isa = PBXFileReference; lastKnownFileType = sourcecode.swift; path = CoatRoomViewController.swift; sourceTree = "<group>"; };
		FA8B3797258A356B00170434 /* LibraryViewController.swift */ = {isa = PBXFileReference; lastKnownFileType = sourcecode.swift; path = LibraryViewController.swift; sourceTree = "<group>"; };
		FA8B37BC258A838F00170434 /* DiningRoomViewController.swift */ = {isa = PBXFileReference; lastKnownFileType = sourcecode.swift; path = DiningRoomViewController.swift; sourceTree = "<group>"; };
		FA8B37C5258AA1E300170434 /* StairsUpViewController.swift */ = {isa = PBXFileReference; lastKnownFileType = sourcecode.swift; path = StairsUpViewController.swift; sourceTree = "<group>"; };
		FA8B37C9258AAD5D00170434 /* SecretPassageViewController.swift */ = {isa = PBXFileReference; lastKnownFileType = sourcecode.swift; path = SecretPassageViewController.swift; sourceTree = "<group>"; };
		FA8B37CC258AAE8D00170434 /* KitchenViewController.swift */ = {isa = PBXFileReference; lastKnownFileType = sourcecode.swift; path = KitchenViewController.swift; sourceTree = "<group>"; };
		FA8B37D0258AAF3D00170434 /* BedRoomViewController.swift */ = {isa = PBXFileReference; lastKnownFileType = sourcecode.swift; path = BedRoomViewController.swift; sourceTree = "<group>"; };
		FA8B37D4258AAFC800170434 /* BathRoomViewController.swift */ = {isa = PBXFileReference; lastKnownFileType = sourcecode.swift; path = BathRoomViewController.swift; sourceTree = "<group>"; };
		FA8B37D7258AB11B00170434 /* BackPorchViewController.swift */ = {isa = PBXFileReference; lastKnownFileType = sourcecode.swift; path = BackPorchViewController.swift; sourceTree = "<group>"; };
		FA8B37DC258AB31200170434 /* DungeonViewController.swift */ = {isa = PBXFileReference; lastKnownFileType = sourcecode.swift; path = DungeonViewController.swift; sourceTree = "<group>"; };
		FA8B37DF258AB3F400170434 /* LabratoryViewController.swift */ = {isa = PBXFileReference; lastKnownFileType = sourcecode.swift; path = LabratoryViewController.swift; sourceTree = "<group>"; };
		FA8B37E7258AB5E300170434 /* GeneratorViewController.swift */ = {isa = PBXFileReference; lastKnownFileType = sourcecode.swift; path = GeneratorViewController.swift; sourceTree = "<group>"; };
		FA8B37ED258AB81800170434 /* CursedChaliceViewController.swift */ = {isa = PBXFileReference; lastKnownFileType = sourcecode.swift; path = CursedChaliceViewController.swift; sourceTree = "<group>"; };
		FA8B37F0258AB8F700170434 /* MysteriousLakeViewController.swift */ = {isa = PBXFileReference; lastKnownFileType = sourcecode.swift; path = MysteriousLakeViewController.swift; sourceTree = "<group>"; };
/* End PBXFileReference section */

/* Begin PBXFrameworksBuildPhase section */
		FA8B37772589145700170434 /* Frameworks */ = {
			isa = PBXFrameworksBuildPhase;
			buildActionMask = 2147483647;
			files = (
			);
			runOnlyForDeploymentPostprocessing = 0;
		};
/* End PBXFrameworksBuildPhase section */

/* Begin PBXGroup section */
		FA8B37712589145700170434 = {
			isa = PBXGroup;
			children = (
				FA8B377C2589145700170434 /* Assignment3 */,
				FA8B377B2589145700170434 /* Products */,
			);
			sourceTree = "<group>";
		};
		FA8B377B2589145700170434 /* Products */ = {
			isa = PBXGroup;
			children = (
				FA8B377A2589145700170434 /* Assignment3.app */,
			);
			name = Products;
			sourceTree = "<group>";
		};
		FA8B377C2589145700170434 /* Assignment3 */ = {
			isa = PBXGroup;
			children = (
				FA8B377D2589145700170434 /* AppDelegate.swift */,
				FA8B377F2589145700170434 /* SceneDelegate.swift */,
				FA8B37812589145700170434 /* ViewController.swift */,
				FA8B379325898AF800170434 /* CoatRoomViewController.swift */,
				FA8B3797258A356B00170434 /* LibraryViewController.swift */,
				FA8B37BC258A838F00170434 /* DiningRoomViewController.swift */,
				FA8B37C5258AA1E300170434 /* StairsUpViewController.swift */,
				FA8B37C9258AAD5D00170434 /* SecretPassageViewController.swift */,
				FA8B37CC258AAE8D00170434 /* KitchenViewController.swift */,
				FA8B37D0258AAF3D00170434 /* BedRoomViewController.swift */,
				FA8B37D4258AAFC800170434 /* BathRoomViewController.swift */,
				FA8B37D7258AB11B00170434 /* BackPorchViewController.swift */,
				FA8B37DC258AB31200170434 /* DungeonViewController.swift */,
				FA8B37DF258AB3F400170434 /* LabratoryViewController.swift */,
				FA8B37F0258AB8F700170434 /* MysteriousLakeViewController.swift */,
				FA8B37E7258AB5E300170434 /* GeneratorViewController.swift */,
				FA8B37ED258AB81800170434 /* CursedChaliceViewController.swift */,
				FA8B37832589145700170434 /* Main.storyboard */,
				FA8B37862589145A00170434 /* Assets.xcassets */,
				FA8B37882589145A00170434 /* LaunchScreen.storyboard */,
				FA8B378B2589145A00170434 /* Info.plist */,
			);
			path = Assignment3;
			sourceTree = "<group>";
		};
/* End PBXGroup section */

/* Begin PBXNativeTarget section */
		FA8B37792589145700170434 /* Assignment3 */ = {
			isa = PBXNativeTarget;
			buildConfigurationList = FA8B378E2589145A00170434 /* Build configuration list for PBXNativeTarget "Assignment3" */;
			buildPhases = (
				FA8B37762589145700170434 /* Sources */,
				FA8B37772589145700170434 /* Frameworks */,
				FA8B37782589145700170434 /* Resources */,
			);
			buildRules = (
			);
			dependencies = (
			);
			name = Assignment3;
			productName = Assignment3;
			productReference = FA8B377A2589145700170434 /* Assignment3.app */;
			productType = "com.apple.product-type.application";
		};
/* End PBXNativeTarget section */

/* Begin PBXProject section */
		FA8B37722589145700170434 /* Project object */ = {
			isa = PBXProject;
			attributes = {
				LastSwiftUpdateCheck = 1230;
				LastUpgradeCheck = 1230;
				TargetAttributes = {
					FA8B37792589145700170434 = {
						CreatedOnToolsVersion = 12.3;
					};
				};
			};
			buildConfigurationList = FA8B37752589145700170434 /* Build configuration list for PBXProject "Assignment3" */;
			compatibilityVersion = "Xcode 9.3";
			developmentRegion = en;
			hasScannedForEncodings = 0;
			knownRegions = (
				en,
				Base,
			);
			mainGroup = FA8B37712589145700170434;
			productRefGroup = FA8B377B2589145700170434 /* Products */;
			projectDirPath = "";
			projectRoot = "";
			targets = (
				FA8B37792589145700170434 /* Assignment3 */,
			);
		};
/* End PBXProject section */

/* Begin PBXResourcesBuildPhase section */
		FA8B37782589145700170434 /* Resources */ = {
			isa = PBXResourcesBuildPhase;
			buildActionMask = 2147483647;
			files = (
				FA8B378A2589145A00170434 /* LaunchScreen.storyboard in Resources */,
				FA8B37872589145A00170434 /* Assets.xcassets in Resources */,
				FA8B37852589145700170434 /* Main.storyboard in Resources */,
			);
			runOnlyForDeploymentPostprocessing = 0;
		};
/* End PBXResourcesBuildPhase section */

/* Begin PBXSourcesBuildPhase section */
		FA8B37762589145700170434 /* Sources */ = {
			isa = PBXSourcesBuildPhase;
			buildActionMask = 2147483647;
			files = (
				FA8B37D8258AB11B00170434 /* BackPorchViewController.swift in Sources */,
				FA8B37822589145700170434 /* ViewController.swift in Sources */,
				FA8B37F1258AB8F700170434 /* MysteriousLakeViewController.swift in Sources */,
				FA8B3798258A356B00170434 /* LibraryViewController.swift in Sources */,
				FA8B37DD258AB31200170434 /* DungeonViewController.swift in Sources */,
				FA8B377E2589145700170434 /* AppDelegate.swift in Sources */,
				FA8B37E0258AB3F400170434 /* LabratoryViewController.swift in Sources */,
				FA8B37CD258AAE8D00170434 /* KitchenViewController.swift in Sources */,
				FA8B37D5258AAFC800170434 /* BathRoomViewController.swift in Sources */,
				FA8B379425898AF800170434 /* CoatRoomViewController.swift in Sources */,
				FA8B37D1258AAF3D00170434 /* BedRoomViewController.swift in Sources */,
				FA8B37BD258A838F00170434 /* DiningRoomViewController.swift in Sources */,
				FA8B37802589145700170434 /* SceneDelegate.swift in Sources */,
				FA8B37C6258AA1E300170434 /* StairsUpViewController.swift in Sources */,
				FA8B37E8258AB5E300170434 /* GeneratorViewController.swift in Sources */,
				FA8B37EE258AB81800170434 /* CursedChaliceViewController.swift in Sources */,
				FA8B37CA258AAD5D00170434 /* SecretPassageViewController.swift in Sources */,
			);
			runOnlyForDeploymentPostprocessing = 0;
		};
/* End PBXSourcesBuildPhase section */

/* Begin PBXVariantGroup section */
		FA8B37832589145700170434 /* Main.storyboard */ = {
			isa = PBXVariantGroup;
			children = (
				FA8B37842589145700170434 /* Base */,
			);
			name = Main.storyboard;
			sourceTree = "<group>";
		};
		FA8B37882589145A00170434 /* LaunchScreen.storyboard */ = {
			isa = PBXVariantGroup;
			children = (
				FA8B37892589145A00170434 /* Base */,
			);
			name = LaunchScreen.storyboard;
			sourceTree = "<group>";
		};
/* End PBXVariantGroup section */

/* Begin XCBuildConfiguration section */
		FA8B378C2589145A00170434 /* Debug */ = {
			isa = XCBuildConfiguration;
			buildSettings = {
				ALWAYS_SEARCH_USER_PATHS = NO;
				CLANG_ANALYZER_NONNULL = YES;
				CLANG_ANALYZER_NUMBER_OBJECT_CONVERSION = YES_AGGRESSIVE;
				CLANG_CXX_LANGUAGE_STANDARD = "gnu++14";
				CLANG_CXX_LIBRARY = "libc++";
				CLANG_ENABLE_MODULES = YES;
				CLANG_ENABLE_OBJC_ARC = YES;
				CLANG_ENABLE_OBJC_WEAK = YES;
				CLANG_WARN_BLOCK_CAPTURE_AUTORELEASING = YES;
				CLANG_WARN_BOOL_CONVERSION = YES;
				CLANG_WARN_COMMA = YES;
				CLANG_WARN_CONSTANT_CONVERSION = YES;
				CLANG_WARN_DEPRECATED_OBJC_IMPLEMENTATIONS = YES;
				CLANG_WARN_DIRECT_OBJC_ISA_USAGE = YES_ERROR;
				CLANG_WARN_DOCUMENTATION_COMMENTS = YES;
				CLANG_WARN_EMPTY_BODY = YES;
				CLANG_WARN_ENUM_CONVERSION = YES;
				CLANG_WARN_INFINITE_RECURSION = YES;
				CLANG_WARN_INT_CONVERSION = YES;
				CLANG_WARN_NON_LITERAL_NULL_CONVERSION = YES;
				CLANG_WARN_OBJC_IMPLICIT_RETAIN_SELF = YES;
				CLANG_WARN_OBJC_LITERAL_CONVERSION = YES;
				CLANG_WARN_OBJC_ROOT_CLASS = YES_ERROR;
				CLANG_WARN_QUOTED_INCLUDE_IN_FRAMEWORK_HEADER = YES;
				CLANG_WARN_RANGE_LOOP_ANALYSIS = YES;
				CLANG_WARN_STRICT_PROTOTYPES = YES;
				CLANG_WARN_SUSPICIOUS_MOVE = YES;
				CLANG_WARN_UNGUARDED_AVAILABILITY = YES_AGGRESSIVE;
				CLANG_WARN_UNREACHABLE_CODE = YES;
				CLANG_WARN__DUPLICATE_METHOD_MATCH = YES;
				COPY_PHASE_STRIP = NO;
				DEBUG_INFORMATION_FORMAT = dwarf;
				ENABLE_STRICT_OBJC_MSGSEND = YES;
				ENABLE_TESTABILITY = YES;
				GCC_C_LANGUAGE_STANDARD = gnu11;
				GCC_DYNAMIC_NO_PIC = NO;
				GCC_NO_COMMON_BLOCKS = YES;
				GCC_OPTIMIZATION_LEVEL = 0;
				GCC_PREPROCESSOR_DEFINITIONS = (
					"DEBUG=1",
					"$(inherited)",
				);
				GCC_WARN_64_TO_32_BIT_CONVERSION = YES;
				GCC_WARN_ABOUT_RETURN_TYPE = YES_ERROR;
				GCC_WARN_UNDECLARED_SELECTOR = YES;
				GCC_WARN_UNINITIALIZED_AUTOS = YES_AGGRESSIVE;
				GCC_WARN_UNUSED_FUNCTION = YES;
				GCC_WARN_UNUSED_VARIABLE = YES;
				IPHONEOS_DEPLOYMENT_TARGET = 14.3;
				MTL_ENABLE_DEBUG_INFO = INCLUDE_SOURCE;
				MTL_FAST_MATH = YES;
				ONLY_ACTIVE_ARCH = YES;
				SDKROOT = iphoneos;
				SWIFT_ACTIVE_COMPILATION_CONDITIONS = DEBUG;
				SWIFT_OPTIMIZATION_LEVEL = "-Onone";
			};
			name = Debug;
		};
		FA8B378D2589145A00170434 /* Release */ = {
			isa = XCBuildConfiguration;
			buildSettings = {
				ALWAYS_SEARCH_USER_PATHS = NO;
				CLANG_ANALYZER_NONNULL = YES;
				CLANG_ANALYZER_NUMBER_OBJECT_CONVERSION = YES_AGGRESSIVE;
				CLANG_CXX_LANGUAGE_STANDARD = "gnu++14";
				CLANG_CXX_LIBRARY = "libc++";
				CLANG_ENABLE_MODULES = YES;
				CLANG_ENABLE_OBJC_ARC = YES;
				CLANG_ENABLE_OBJC_WEAK = YES;
				CLANG_WARN_BLOCK_CAPTURE_AUTORELEASING = YES;
				CLANG_WARN_BOOL_CONVERSION = YES;
				CLANG_WARN_COMMA = YES;
				CLANG_WARN_CONSTANT_CONVERSION = YES;
				CLANG_WARN_DEPRECATED_OBJC_IMPLEMENTATIONS = YES;
				CLANG_WARN_DIRECT_OBJC_ISA_USAGE = YES_ERROR;
				CLANG_WARN_DOCUMENTATION_COMMENTS = YES;
				CLANG_WARN_EMPTY_BODY = YES;
				CLANG_WARN_ENUM_CONVERSION = YES;
				CLANG_WARN_INFINITE_RECURSION = YES;
				CLANG_WARN_INT_CONVERSION = YES;
				CLANG_WARN_NON_LITERAL_NULL_CONVERSION = YES;
				CLANG_WARN_OBJC_IMPLICIT_RETAIN_SELF = YES;
				CLANG_WARN_OBJC_LITERAL_CONVERSION = YES;
				CLANG_WARN_OBJC_ROOT_CLASS = YES_ERROR;
				CLANG_WARN_QUOTED_INCLUDE_IN_FRAMEWORK_HEADER = YES;
				CLANG_WARN_RANGE_LOOP_ANALYSIS = YES;
				CLANG_WARN_STRICT_PROTOTYPES = YES;
				CLANG_WARN_SUSPICIOUS_MOVE = YES;
				CLANG_WARN_UNGUARDED_AVAILABILITY = YES_AGGRESSIVE;
				CLANG_WARN_UNREACHABLE_CODE = YES;
				CLANG_WARN__DUPLICATE_METHOD_MATCH = YES;
				COPY_PHASE_STRIP = NO;
				DEBUG_INFORMATION_FORMAT = "dwarf-with-dsym";
				ENABLE_NS_ASSERTIONS = NO;
				ENABLE_STRICT_OBJC_MSGSEND = YES;
				GCC_C_LANGUAGE_STANDARD = gnu11;
				GCC_NO_COMMON_BLOCKS = YES;
				GCC_WARN_64_TO_32_BIT_CONVERSION = YES;
				GCC_WARN_ABOUT_RETURN_TYPE = YES_ERROR;
				GCC_WARN_UNDECLARED_SELECTOR = YES;
				GCC_WARN_UNINITIALIZED_AUTOS = YES_AGGRESSIVE;
				GCC_WARN_UNUSED_FUNCTION = YES;
				GCC_WARN_UNUSED_VARIABLE = YES;
				IPHONEOS_DEPLOYMENT_TARGET = 14.3;
				MTL_ENABLE_DEBUG_INFO = NO;
				MTL_FAST_MATH = YES;
				SDKROOT = iphoneos;
				SWIFT_COMPILATION_MODE = wholemodule;
				SWIFT_OPTIMIZATION_LEVEL = "-O";
				VALIDATE_PRODUCT = YES;
			};
			name = Release;
		};
		FA8B378F2589145A00170434 /* Debug */ = {
			isa = XCBuildConfiguration;
			buildSettings = {
				ASSETCATALOG_COMPILER_APPICON_NAME = AppIcon;
				ASSETCATALOG_COMPILER_GLOBAL_ACCENT_COLOR_NAME = AccentColor;
				CODE_SIGN_STYLE = Automatic;
				DEVELOPMENT_TEAM = W84RFLPT9M;
				INFOPLIST_FILE = Assignment3/Info.plist;
				LD_RUNPATH_SEARCH_PATHS = (
					"$(inherited)",
					"@executable_path/Frameworks",
				);
				PRODUCT_BUNDLE_IDENTIFIER = com.dotinstall.Assignment3;
				PRODUCT_NAME = "$(TARGET_NAME)";
				SWIFT_VERSION = 5.0;
				TARGETED_DEVICE_FAMILY = "1,2";
			};
			name = Debug;
		};
		FA8B37902589145A00170434 /* Release */ = {
			isa = XCBuildConfiguration;
			buildSettings = {
				ASSETCATALOG_COMPILER_APPICON_NAME = AppIcon;
				ASSETCATALOG_COMPILER_GLOBAL_ACCENT_COLOR_NAME = AccentColor;
				CODE_SIGN_STYLE = Automatic;
				DEVELOPMENT_TEAM = W84RFLPT9M;
				INFOPLIST_FILE = Assignment3/Info.plist;
				LD_RUNPATH_SEARCH_PATHS = (
					"$(inherited)",
					"@executable_path/Frameworks",
				);
				PRODUCT_BUNDLE_IDENTIFIER = com.dotinstall.Assignment3;
				PRODUCT_NAME = "$(TARGET_NAME)";
				SWIFT_VERSION = 5.0;
				TARGETED_DEVICE_FAMILY = "1,2";
			};
			name = Release;
		};
/* End XCBuildConfiguration section */

/* Begin XCConfigurationList section */
		FA8B37752589145700170434 /* Build configuration list for PBXProject "Assignment3" */ = {
			isa = XCConfigurationList;
			buildConfigurations = (
				FA8B378C2589145A00170434 /* Debug */,
				FA8B378D2589145A00170434 /* Release */,
			);
			defaultConfigurationIsVisible = 0;
			defaultConfigurationName = Release;
		};
		FA8B378E2589145A00170434 /* Build configuration list for PBXNativeTarget "Assignment3" */ = {
			isa = XCConfigurationList;
			buildConfigurations = (
				FA8B378F2589145A00170434 /* Debug */,
				FA8B37902589145A00170434 /* Release */,
			);
			defaultConfigurationIsVisible = 0;
			defaultConfigurationName = Release;
		};
/* End XCConfigurationList section */
	};
	rootObject = FA8B37722589145700170434 /* Project object */;
}
